
Microsoft Visual Studio Solution File, Format Version 12.00
# Visual Studio Version 16
VisualStudioVersion = 16.0.31005.135
MinimumVisualStudioVersion = 10.0.40219.1
Project("{FAE04EC0-301F-11D3-BF4B-00C04F79EFBC}") = "GestaoProduto", "GestaoProduto\GestaoProduto.csproj", "{8273C5C5-B753-4804-A713-C1FF0A5A3B1F}"
EndProject
Global
	GlobalSection(SolutionConfigurationPlatforms) = preSolution
		Debug|Any CPU = Debug|Any CPU
		Release|Any CPU = Release|Any CPU
	EndGlobalSection
	GlobalSection(ProjectConfigurationPlatforms) = postSolution
		{8273C5C5-B753-4804-A713-C1FF0A5A3B1F}.Debug|Any CPU.ActiveCfg = Debug|Any CPU
		{8273C5C5-B753-4804-A713-C1FF0A5A3B1F}.Debug|Any CPU.Build.0 = Debug|Any CPU
		{8273C5C5-B753-4804-A713-C1FF0A5A3B1F}.Release|Any CPU.ActiveCfg = Release|Any CPU
		{8273C5C5-B753-4804-A713-C1FF0A5A3B1F}.Release|Any CPU.Build.0 = Release|Any CPU
	EndGlobalSection
	GlobalSection(SolutionProperties) = preSolution
		HideSolutionNode = FALSE
	EndGlobalSection
	GlobalSection(ExtensibilityGlobals) = postSolution
		SolutionGuid = {B2F79221-9B64-47DD-8FF8-71411534CE80}
	EndGlobalSection
EndGlobal
